
Microsoft Visual Studio Solution File, Format Version 12.00
# Visual Studio 15
VisualStudioVersion = 15.0.27428.2027
MinimumVisualStudioVersion = 10.0.40219.1
Project("{FAE04EC0-301F-11D3-BF4B-00C04F79EFBC}") = "Method", "Method\Method.csproj", "{D816B0B0-1A97-4360-BF33-85F8B4E90D4B}"
EndProject
Global
	GlobalSection(SolutionConfigurationPlatforms) = preSolution
		Debug|Any CPU = Debug|Any CPU
		Release|Any CPU = Release|Any CPU
	EndGlobalSection
	GlobalSection(ProjectConfigurationPlatforms) = postSolution
		{D816B0B0-1A97-4360-BF33-85F8B4E90D4B}.Debug|Any CPU.ActiveCfg = Debug|Any CPU
		{D816B0B0-1A97-4360-BF33-85F8B4E90D4B}.Debug|Any CPU.Build.0 = Debug|Any CPU
		{D816B0B0-1A97-4360-BF33-85F8B4E90D4B}.Release|Any CPU.ActiveCfg = Release|Any CPU
		{D816B0B0-1A97-4360-BF33-85F8B4E90D4B}.Release|Any CPU.Build.0 = Release|Any CPU
	EndGlobalSection
	GlobalSection(SolutionProperties) = preSolution
		HideSolutionNode = FALSE
	EndGlobalSection
	GlobalSection(ExtensibilityGlobals) = postSolution
		SolutionGuid = {F1A7ACC1-959A-495C-9835-CCE41585D897}
	EndGlobalSection
EndGlobal
